
Microsoft Visual Studio Solution File, Format Version 12.00
# Visual Studio Version 17
VisualStudioVersion = 17.6.33723.286
MinimumVisualStudioVersion = 10.0.40219.1
Project("{FAE04EC0-301F-11D3-BF4B-00C04F79EFBC}") = "AJAX", "AJAX\AJAX.csproj", "{B2858975-26A2-4952-9FCC-538F4F2DC200}"
EndProject
Global
	GlobalSection(SolutionConfigurationPlatforms) = preSolution
		Debug|Any CPU = Debug|Any CPU
		Release|Any CPU = Release|Any CPU
	EndGlobalSection
	GlobalSection(ProjectConfigurationPlatforms) = postSolution
		{B2858975-26A2-4952-9FCC-538F4F2DC200}.Debug|Any CPU.ActiveCfg = Debug|Any CPU
		{B2858975-26A2-4952-9FCC-538F4F2DC200}.Debug|Any CPU.Build.0 = Debug|Any CPU
		{B2858975-26A2-4952-9FCC-538F4F2DC200}.Release|Any CPU.ActiveCfg = Release|Any CPU
		{B2858975-26A2-4952-9FCC-538F4F2DC200}.Release|Any CPU.Build.0 = Release|Any CPU
	EndGlobalSection
	GlobalSection(SolutionProperties) = preSolution
		HideSolutionNode = FALSE
	EndGlobalSection
	GlobalSection(ExtensibilityGlobals) = postSolution
		SolutionGuid = {39813FB2-70D9-4E77-96A3-48EB590F3B05}
	EndGlobalSection
EndGlobal
